
Microsoft Visual Studio Solution File, Format Version 12.00
# Visual Studio 15
VisualStudioVersion = 15.0.27428.2043
MinimumVisualStudioVersion = 10.0.40219.1
Project("{F184B08F-C81C-45F6-A57F-5ABD9991F28F}") = "AlphaAlerter", "AlphaAlerter\AlphaAlerter.vbproj", "{F2B037C5-81A0-49D0-B55D-4F3480DAF22E}"
EndProject
Global
	GlobalSection(SolutionConfigurationPlatforms) = preSolution
		Debug|Any CPU = Debug|Any CPU
		Release|Any CPU = Release|Any CPU
	EndGlobalSection
	GlobalSection(ProjectConfigurationPlatforms) = postSolution
		{F2B037C5-81A0-49D0-B55D-4F3480DAF22E}.Debug|Any CPU.ActiveCfg = Debug|Any CPU
		{F2B037C5-81A0-49D0-B55D-4F3480DAF22E}.Debug|Any CPU.Build.0 = Debug|Any CPU
		{F2B037C5-81A0-49D0-B55D-4F3480DAF22E}.Release|Any CPU.ActiveCfg = Release|Any CPU
		{F2B037C5-81A0-49D0-B55D-4F3480DAF22E}.Release|Any CPU.Build.0 = Release|Any CPU
	EndGlobalSection
	GlobalSection(SolutionProperties) = preSolution
		HideSolutionNode = FALSE
	EndGlobalSection
	GlobalSection(ExtensibilityGlobals) = postSolution
		SolutionGuid = {F9B325DD-78E6-40C9-B080-A6F6540E45C2}
	EndGlobalSection
EndGlobal
